
Microsoft Visual Studio Solution File, Format Version 10.00
# Visual Studio 2008
Project("{8BC9CEB8-8B4A-11D0-8D11-00A0C91BC942}") = "StatusBar", "StatusBar\StatusBar.vcproj", "{EBE9C5F1-CBE0-4F42-AC80-94C725BD9EB0}"
EndProject
Global
	GlobalSection(SolutionConfigurationPlatforms) = preSolution
		Debug|Win32 = Debug|Win32
		Release|Win32 = Release|Win32
	EndGlobalSection
	GlobalSection(ProjectConfigurationPlatforms) = postSolution
		{EBE9C5F1-CBE0-4F42-AC80-94C725BD9EB0}.Debug|Win32.ActiveCfg = Debug|Win32
		{EBE9C5F1-CBE0-4F42-AC80-94C725BD9EB0}.Debug|Win32.Build.0 = Debug|Win32
		{EBE9C5F1-CBE0-4F42-AC80-94C725BD9EB0}.Release|Win32.ActiveCfg = Release|Win32
		{EBE9C5F1-CBE0-4F42-AC80-94C725BD9EB0}.Release|Win32.Build.0 = Release|Win32
	EndGlobalSection
	GlobalSection(SolutionProperties) = preSolution
		HideSolutionNode = FALSE
	EndGlobalSection
EndGlobal
